// !$*UTF8*$!
{
	archiveVersion = 1;
	classes = {
	};
	objectVersion = 46;
	objects = {

/* Begin PBXBuildFile section */
		935C447F1CD5644E002D5DED /* AppDelegate.swift in Sources */ = {isa = PBXBuildFile; fileRef = 935C447E1CD5644E002D5DED /* AppDelegate.swift */; };
		935C44811CD5644E002D5DED /* MapViewController.swift in Sources */ = {isa = PBXBuildFile; fileRef = 935C44801CD5644E002D5DED /* MapViewController.swift */; };
		935C44831CD5644E002D5DED /* TableViewController.swift in Sources */ = {isa = PBXBuildFile; fileRef = 935C44821CD5644E002D5DED /* TableViewController.swift */; };
		935C44861CD5644E002D5DED /* Main.storyboard in Resources */ = {isa = PBXBuildFile; fileRef = 935C44841CD5644E002D5DED /* Main.storyboard */; };
		935C44881CD5644E002D5DED /* Assets.xcassets in Resources */ = {isa = PBXBuildFile; fileRef = 935C44871CD5644E002D5DED /* Assets.xcassets */; };
		935C448B1CD5644E002D5DED /* LaunchScreen.storyboard in Resources */ = {isa = PBXBuildFile; fileRef = 935C44891CD5644E002D5DED /* LaunchScreen.storyboard */; };
		935C44931CD56875002D5DED /* MapKit.framework in Frameworks */ = {isa = PBXBuildFile; fileRef = 935C44921CD56875002D5DED /* MapKit.framework */; };
		935C44951CD6F227002D5DED /* LoginViewController.swift in Sources */ = {isa = PBXBuildFile; fileRef = 935C44941CD6F227002D5DED /* LoginViewController.swift */; };
		935C449D1CD700E8002D5DED /* UdacityClient.swift in Sources */ = {isa = PBXBuildFile; fileRef = 935C449C1CD700E8002D5DED /* UdacityClient.swift */; };
		935C449F1CD7052E002D5DED /* UdacityConstants.swift in Sources */ = {isa = PBXBuildFile; fileRef = 935C449E1CD7052E002D5DED /* UdacityConstants.swift */; };
		935C44A11CD70DDE002D5DED /* ServiceClient.swift in Sources */ = {isa = PBXBuildFile; fileRef = 935C44A01CD70DDE002D5DED /* ServiceClient.swift */; };
		935C44A31CD70E85002D5DED /* UdacitySession.swift in Sources */ = {isa = PBXBuildFile; fileRef = 935C44A21CD70E85002D5DED /* UdacitySession.swift */; };
/* End PBXBuildFile section */

/* Begin PBXFileReference section */
		935C447B1CD5644E002D5DED /* On The Map.app */ = {isa = PBXFileReference; explicitFileType = wrapper.application; includeInIndex = 0; path = "On The Map.app"; sourceTree = BUILT_PRODUCTS_DIR; };
		935C447E1CD5644E002D5DED /* AppDelegate.swift */ = {isa = PBXFileReference; lastKnownFileType = sourcecode.swift; path = AppDelegate.swift; sourceTree = "<group>"; };
		935C44801CD5644E002D5DED /* MapViewController.swift */ = {isa = PBXFileReference; lastKnownFileType = sourcecode.swift; path = MapViewController.swift; sourceTree = "<group>"; };
		935C44821CD5644E002D5DED /* TableViewController.swift */ = {isa = PBXFileReference; lastKnownFileType = sourcecode.swift; path = TableViewController.swift; sourceTree = "<group>"; };
		935C44851CD5644E002D5DED /* Base */ = {isa = PBXFileReference; lastKnownFileType = file.storyboard; name = Base; path = Base.lproj/Main.storyboard; sourceTree = "<group>"; };
		935C44871CD5644E002D5DED /* Assets.xcassets */ = {isa = PBXFileReference; lastKnownFileType = folder.assetcatalog; path = Assets.xcassets; sourceTree = "<group>"; };
		935C448A1CD5644E002D5DED /* Base */ = {isa = PBXFileReference; lastKnownFileType = file.storyboard; name = Base; path = Base.lproj/LaunchScreen.storyboard; sourceTree = "<group>"; };
		935C448C1CD5644E002D5DED /* Info.plist */ = {isa = PBXFileReference; lastKnownFileType = text.plist.xml; path = Info.plist; sourceTree = "<group>"; };
		935C44921CD56875002D5DED /* MapKit.framework */ = {isa = PBXFileReference; lastKnownFileType = wrapper.framework; name = MapKit.framework; path = System/Library/Frameworks/MapKit.framework; sourceTree = SDKROOT; };
		935C44941CD6F227002D5DED /* LoginViewController.swift */ = {isa = PBXFileReference; fileEncoding = 4; lastKnownFileType = sourcecode.swift; path = LoginViewController.swift; sourceTree = "<group>"; };
		935C449C1CD700E8002D5DED /* UdacityClient.swift */ = {isa = PBXFileReference; fileEncoding = 4; lastKnownFileType = sourcecode.swift; path = UdacityClient.swift; sourceTree = "<group>"; };
		935C449E1CD7052E002D5DED /* UdacityConstants.swift */ = {isa = PBXFileReference; fileEncoding = 4; lastKnownFileType = sourcecode.swift; path = UdacityConstants.swift; sourceTree = "<group>"; };
		935C44A01CD70DDE002D5DED /* ServiceClient.swift */ = {isa = PBXFileReference; fileEncoding = 4; lastKnownFileType = sourcecode.swift; path = ServiceClient.swift; sourceTree = "<group>"; };
		935C44A21CD70E85002D5DED /* UdacitySession.swift */ = {isa = PBXFileReference; fileEncoding = 4; lastKnownFileType = sourcecode.swift; path = UdacitySession.swift; sourceTree = "<group>"; };
/* End PBXFileReference section */

/* Begin PBXFrameworksBuildPhase section */
		935C44781CD5644E002D5DED /* Frameworks */ = {
			isa = PBXFrameworksBuildPhase;
			buildActionMask = 2147483647;
			files = (
				935C44931CD56875002D5DED /* MapKit.framework in Frameworks */,
			);
			runOnlyForDeploymentPostprocessing = 0;
		};
/* End PBXFrameworksBuildPhase section */

/* Begin PBXGroup section */
		935C44721CD5644E002D5DED = {
			isa = PBXGroup;
			children = (
				935C44921CD56875002D5DED /* MapKit.framework */,
				935C447D1CD5644E002D5DED /* On The Map */,
				935C447C1CD5644E002D5DED /* Products */,
			);
			sourceTree = "<group>";
		};
		935C447C1CD5644E002D5DED /* Products */ = {
			isa = PBXGroup;
			children = (
				935C447B1CD5644E002D5DED /* On The Map.app */,
			);
			name = Products;
			sourceTree = "<group>";
		};
		935C447D1CD5644E002D5DED /* On The Map */ = {
			isa = PBXGroup;
			children = (
				935C44991CD7005F002D5DED /* Model */,
				935C447E1CD5644E002D5DED /* AppDelegate.swift */,
				935C44981CD6FEAB002D5DED /* Supporting Files */,
				935C44971CD6FE57002D5DED /* Controller */,
				935C44961CD6FE47002D5DED /* Assets */,
			);
			path = "On The Map";
			sourceTree = "<group>";
		};
		935C44961CD6FE47002D5DED /* Assets */ = {
			isa = PBXGroup;
			children = (
				935C44871CD5644E002D5DED /* Assets.xcassets */,
				935C44841CD5644E002D5DED /* Main.storyboard */,
				935C44891CD5644E002D5DED /* LaunchScreen.storyboard */,
			);
			name = Assets;
			sourceTree = "<group>";
		};
		935C44971CD6FE57002D5DED /* Controller */ = {
			isa = PBXGroup;
			children = (
				935C44801CD5644E002D5DED /* MapViewController.swift */,
				935C44821CD5644E002D5DED /* TableViewController.swift */,
				935C44941CD6F227002D5DED /* LoginViewController.swift */,
			);
			name = Controller;
			sourceTree = "<group>";
		};
		935C44981CD6FEAB002D5DED /* Supporting Files */ = {
			isa = PBXGroup;
			children = (
				935C448C1CD5644E002D5DED /* Info.plist */,
			);
			name = "Supporting Files";
			sourceTree = "<group>";
		};
		935C44991CD7005F002D5DED /* Model */ = {
			isa = PBXGroup;
			children = (
				935C449A1CD70078002D5DED /* Client */,
			);
			name = Model;
			sourceTree = "<group>";
		};
		935C449A1CD70078002D5DED /* Client */ = {
			isa = PBXGroup;
			children = (
				935C44A01CD70DDE002D5DED /* ServiceClient.swift */,
				935C449B1CD70081002D5DED /* Udacity */,
			);
			name = Client;
			sourceTree = "<group>";
		};
		935C449B1CD70081002D5DED /* Udacity */ = {
			isa = PBXGroup;
			children = (
				935C449C1CD700E8002D5DED /* UdacityClient.swift */,
				935C449E1CD7052E002D5DED /* UdacityConstants.swift */,
				935C44A21CD70E85002D5DED /* UdacitySession.swift */,
			);
			name = Udacity;
			sourceTree = "<group>";
		};
/* End PBXGroup section */

/* Begin PBXNativeTarget section */
		935C447A1CD5644E002D5DED /* On The Map */ = {
			isa = PBXNativeTarget;
			buildConfigurationList = 935C448F1CD5644E002D5DED /* Build configuration list for PBXNativeTarget "On The Map" */;
			buildPhases = (
				935C44771CD5644E002D5DED /* Sources */,
				935C44781CD5644E002D5DED /* Frameworks */,
				935C44791CD5644E002D5DED /* Resources */,
			);
			buildRules = (
			);
			dependencies = (
			);
			name = "On The Map";
			productName = "On The Map";
			productReference = 935C447B1CD5644E002D5DED /* On The Map.app */;
			productType = "com.apple.product-type.application";
		};
/* End PBXNativeTarget section */

/* Begin PBXProject section */
		935C44731CD5644E002D5DED /* Project object */ = {
			isa = PBXProject;
			attributes = {
				LastSwiftUpdateCheck = 0720;
				LastUpgradeCheck = 0720;
				ORGANIZATIONNAME = "Campbell Moss";
				TargetAttributes = {
					935C447A1CD5644E002D5DED = {
						CreatedOnToolsVersion = 7.2.1;
					};
				};
			};
			buildConfigurationList = 935C44761CD5644E002D5DED /* Build configuration list for PBXProject "On The Map" */;
			compatibilityVersion = "Xcode 3.2";
			developmentRegion = English;
			hasScannedForEncodings = 0;
			knownRegions = (
				en,
				Base,
			);
			mainGroup = 935C44721CD5644E002D5DED;
			productRefGroup = 935C447C1CD5644E002D5DED /* Products */;
			projectDirPath = "";
			projectRoot = "";
			targets = (
				935C447A1CD5644E002D5DED /* On The Map */,
			);
		};
/* End PBXProject section */

/* Begin PBXResourcesBuildPhase section */
		935C44791CD5644E002D5DED /* Resources */ = {
			isa = PBXResourcesBuildPhase;
			buildActionMask = 2147483647;
			files = (
				935C448B1CD5644E002D5DED /* LaunchScreen.storyboard in Resources */,
				935C44881CD5644E002D5DED /* Assets.xcassets in Resources */,
				935C44861CD5644E002D5DED /* Main.storyboard in Resources */,
			);
			runOnlyForDeploymentPostprocessing = 0;
		};
/* End PBXResourcesBuildPhase section */

/* Begin PBXSourcesBuildPhase section */
		935C44771CD5644E002D5DED /* Sources */ = {
			isa = PBXSourcesBuildPhase;
			buildActionMask = 2147483647;
			files = (
				935C44A11CD70DDE002D5DED /* ServiceClient.swift in Sources */,
				935C449D1CD700E8002D5DED /* UdacityClient.swift in Sources */,
				935C44831CD5644E002D5DED /* TableViewController.swift in Sources */,
				935C44951CD6F227002D5DED /* LoginViewController.swift in Sources */,
				935C447F1CD5644E002D5DED /* AppDelegate.swift in Sources */,
				935C44811CD5644E002D5DED /* MapViewController.swift in Sources */,
				935C44A31CD70E85002D5DED /* UdacitySession.swift in Sources */,
				935C449F1CD7052E002D5DED /* UdacityConstants.swift in Sources */,
			);
			runOnlyForDeploymentPostprocessing = 0;
		};
/* End PBXSourcesBuildPhase section */

/* Begin PBXVariantGroup section */
		935C44841CD5644E002D5DED /* Main.storyboard */ = {
			isa = PBXVariantGroup;
			children = (
				935C44851CD5644E002D5DED /* Base */,
			);
			name = Main.storyboard;
			sourceTree = "<group>";
		};
		935C44891CD5644E002D5DED /* LaunchScreen.storyboard */ = {
			isa = PBXVariantGroup;
			children = (
				935C448A1CD5644E002D5DED /* Base */,
			);
			name = LaunchScreen.storyboard;
			sourceTree = "<group>";
		};
/* End PBXVariantGroup section */

/* Begin XCBuildConfiguration section */
		935C448D1CD5644E002D5DED /* Debug */ = {
			isa = XCBuildConfiguration;
			buildSettings = {
				ALWAYS_SEARCH_USER_PATHS = NO;
				CLANG_CXX_LANGUAGE_STANDARD = "gnu++0x";
				CLANG_CXX_LIBRARY = "libc++";
				CLANG_ENABLE_MODULES = YES;
				CLANG_ENABLE_OBJC_ARC = YES;
				CLANG_WARN_BOOL_CONVERSION = YES;
				CLANG_WARN_CONSTANT_CONVERSION = YES;
				CLANG_WARN_DIRECT_OBJC_ISA_USAGE = YES_ERROR;
				CLANG_WARN_EMPTY_BODY = YES;
				CLANG_WARN_ENUM_CONVERSION = YES;
				CLANG_WARN_INT_CONVERSION = YES;
				CLANG_WARN_OBJC_ROOT_CLASS = YES_ERROR;
				CLANG_WARN_UNREACHABLE_CODE = YES;
				CLANG_WARN__DUPLICATE_METHOD_MATCH = YES;
				"CODE_SIGN_IDENTITY[sdk=iphoneos*]" = "iPhone Developer";
				COPY_PHASE_STRIP = NO;
				DEBUG_INFORMATION_FORMAT = dwarf;
				ENABLE_STRICT_OBJC_MSGSEND = YES;
				ENABLE_TESTABILITY = YES;
				GCC_C_LANGUAGE_STANDARD = gnu99;
				GCC_DYNAMIC_NO_PIC = NO;
				GCC_NO_COMMON_BLOCKS = YES;
				GCC_OPTIMIZATION_LEVEL = 0;
				GCC_PREPROCESSOR_DEFINITIONS = (
					"DEBUG=1",
					"$(inherited)",
				);
				GCC_WARN_64_TO_32_BIT_CONVERSION = YES;
				GCC_WARN_ABOUT_RETURN_TYPE = YES_ERROR;
				GCC_WARN_UNDECLARED_SELECTOR = YES;
				GCC_WARN_UNINITIALIZED_AUTOS = YES_AGGRESSIVE;
				GCC_WARN_UNUSED_FUNCTION = YES;
				GCC_WARN_UNUSED_VARIABLE = YES;
				IPHONEOS_DEPLOYMENT_TARGET = 9.2;
				MTL_ENABLE_DEBUG_INFO = YES;
				ONLY_ACTIVE_ARCH = YES;
				SDKROOT = iphoneos;
				SWIFT_OPTIMIZATION_LEVEL = "-Onone";
			};
			name = Debug;
		};
		935C448E1CD5644E002D5DED /* Release */ = {
			isa = XCBuildConfiguration;
			buildSettings = {
				ALWAYS_SEARCH_USER_PATHS = NO;
				CLANG_CXX_LANGUAGE_STANDARD = "gnu++0x";
				CLANG_CXX_LIBRARY = "libc++";
				CLANG_ENABLE_MODULES = YES;
				CLANG_ENABLE_OBJC_ARC = YES;
				CLANG_WARN_BOOL_CONVERSION = YES;
				CLANG_WARN_CONSTANT_CONVERSION = YES;
				CLANG_WARN_DIRECT_OBJC_ISA_USAGE = YES_ERROR;
				CLANG_WARN_EMPTY_BODY = YES;
				CLANG_WARN_ENUM_CONVERSION = YES;
				CLANG_WARN_INT_CONVERSION = YES;
				CLANG_WARN_OBJC_ROOT_CLASS = YES_ERROR;
				CLANG_WARN_UNREACHABLE_CODE = YES;
				CLANG_WARN__DUPLICATE_METHOD_MATCH = YES;
				"CODE_SIGN_IDENTITY[sdk=iphoneos*]" = "iPhone Developer";
				COPY_PHASE_STRIP = NO;
				DEBUG_INFORMATION_FORMAT = "dwarf-with-dsym";
				ENABLE_NS_ASSERTIONS = NO;
				ENABLE_STRICT_OBJC_MSGSEND = YES;
				GCC_C_LANGUAGE_STANDARD = gnu99;
				GCC_NO_COMMON_BLOCKS = YES;
				GCC_WARN_64_TO_32_BIT_CONVERSION = YES;
				GCC_WARN_ABOUT_RETURN_TYPE = YES_ERROR;
				GCC_WARN_UNDECLARED_SELECTOR = YES;
				GCC_WARN_UNINITIALIZED_AUTOS = YES_AGGRESSIVE;
				GCC_WARN_UNUSED_FUNCTION = YES;
				GCC_WARN_UNUSED_VARIABLE = YES;
				IPHONEOS_DEPLOYMENT_TARGET = 9.2;
				MTL_ENABLE_DEBUG_INFO = NO;
				SDKROOT = iphoneos;
				VALIDATE_PRODUCT = YES;
			};
			name = Release;
		};
		935C44901CD5644E002D5DED /* Debug */ = {
			isa = XCBuildConfiguration;
			buildSettings = {
				ASSETCATALOG_COMPILER_APPICON_NAME = AppIcon;
				INFOPLIST_FILE = "On The Map/Info.plist";
				LD_RUNPATH_SEARCH_PATHS = "$(inherited) @executable_path/Frameworks";
				PRODUCT_BUNDLE_IDENTIFIER = "com.cmoss.On-The-Map";
				PRODUCT_NAME = "$(TARGET_NAME)";
			};
			name = Debug;
		};
		935C44911CD5644E002D5DED /* Release */ = {
			isa = XCBuildConfiguration;
			buildSettings = {
				ASSETCATALOG_COMPILER_APPICON_NAME = AppIcon;
				INFOPLIST_FILE = "On The Map/Info.plist";
				LD_RUNPATH_SEARCH_PATHS = "$(inherited) @executable_path/Frameworks";
				PRODUCT_BUNDLE_IDENTIFIER = "com.cmoss.On-The-Map";
				PRODUCT_NAME = "$(TARGET_NAME)";
			};
			name = Release;
		};
/* End XCBuildConfiguration section */

/* Begin XCConfigurationList section */
		935C44761CD5644E002D5DED /* Build configuration list for PBXProject "On The Map" */ = {
			isa = XCConfigurationList;
			buildConfigurations = (
				935C448D1CD5644E002D5DED /* Debug */,
				935C448E1CD5644E002D5DED /* Release */,
			);
			defaultConfigurationIsVisible = 0;
			defaultConfigurationName = Release;
		};
		935C448F1CD5644E002D5DED /* Build configuration list for PBXNativeTarget "On The Map" */ = {
			isa = XCConfigurationList;
			buildConfigurations = (
				935C44901CD5644E002D5DED /* Debug */,
				935C44911CD5644E002D5DED /* Release */,
			);
			defaultConfigurationIsVisible = 0;
		};
/* End XCConfigurationList section */
	};
	rootObject = 935C44731CD5644E002D5DED /* Project object */;
}
